// !$*UTF8*$!
{
	archiveVersion = 1;
	classes = {
	};
	objectVersion = 46;
	objects = {

/* Begin PBXBuildFile section */
		615B40DAC9BEF6CD50BA1F14 /* CityTableViewCell.swift in Sources */ = {isa = PBXBuildFile; fileRef = 615B4B88947AD9F8876BA566 /* CityTableViewCell.swift */; };
		615B4356C38E4AD00AD0EF93 /* LaunchScreen.storyboard in Resources */ = {isa = PBXBuildFile; fileRef = 615B48BAAEB7B9C7DD5CBD8F /* LaunchScreen.storyboard */; };
		615B450556AF4BF2B4FEBE12 /* Assets.xcassets in Resources */ = {isa = PBXBuildFile; fileRef = 615B45B0788AEA163793F1FF /* Assets.xcassets */; };
		615B45E1811BE7575903861D /* MapViewController.swift in Sources */ = {isa = PBXBuildFile; fileRef = 615B46BB7C1627B5B09D1E64 /* MapViewController.swift */; };
		615B480A4AD045E00F9D5D9D /* CitiesTableViewController.swift in Sources */ = {isa = PBXBuildFile; fileRef = 615B4702DA7257BE4EE431ED /* CitiesTableViewController.swift */; };
		615B4AF3BB801BA37D7225DB /* AppDelegate.swift in Sources */ = {isa = PBXBuildFile; fileRef = 615B4F69F6361070D4A49255 /* AppDelegate.swift */; };
		615B4E757566C8E452CEBCCD /* CoreDataStack.swift in Sources */ = {isa = PBXBuildFile; fileRef = 615B410A1DDC011C1495B0B1 /* CoreDataStack.swift */; };
		615B4F17D2BCDA8A29EBD4E7 /* SceneDelegate.swift in Sources */ = {isa = PBXBuildFile; fileRef = 615B4DCA0A8A8D8C8B59AC58 /* SceneDelegate.swift */; };
		C23A6735285DA861007822F5 /* MapKit.framework in Frameworks */ = {isa = PBXBuildFile; fileRef = C23A6734285DA861007822F5 /* MapKit.framework */; };
		C24A9F8E285D128F002A4425 /* PlacesModel.xcdatamodeld in Sources */ = {isa = PBXBuildFile; fileRef = C24A9F8C285D128F002A4425 /* PlacesModel.xcdatamodeld */; };
		F8843175C8F63E5329EF20A7 /* UIViewController+ext.swift in Sources */ = {isa = PBXBuildFile; fileRef = F8843DABA4D0F20B5F8F6130 /* UIViewController+ext.swift */; };
		F8843470C321C4916557F492 /* UIView+ext.swift in Sources */ = {isa = PBXBuildFile; fileRef = F88432CB712A420FD3CEF230 /* UIView+ext.swift */; };
		F88438A806A006637F6470BB /* CitiesModel.swift in Sources */ = {isa = PBXBuildFile; fileRef = F88438C643194F8660E82B29 /* CitiesModel.swift */; };
		F8843906ED2B53D7E60BD3E8 /* CityChangeButton.swift in Sources */ = {isa = PBXBuildFile; fileRef = F884334FC500485159AF6013 /* CityChangeButton.swift */; };
		F8843B0576C449FE111FAB2C /* PlacesProvider.swift in Sources */ = {isa = PBXBuildFile; fileRef = F8843BB9D2815D2DC8034A6A /* PlacesProvider.swift */; };
		F8843D0C8A1D012FE64C6C2A /* MasterViewController.swift in Sources */ = {isa = PBXBuildFile; fileRef = F88432F4670005B7ACE2625D /* MasterViewController.swift */; };
		F8843D62FB2A7DB9C993915A /* CitiesViewModel.swift in Sources */ = {isa = PBXBuildFile; fileRef = F8843E7C27635E62B0D2C8AE /* CitiesViewModel.swift */; };
		F8843EA3FED16B86C52545CF /* Factory.swift in Sources */ = {isa = PBXBuildFile; fileRef = F8843EA5D95DA44D35771EE3 /* Factory.swift */; };
		F8843FD9675D208E589A02F6 /* UIStackView+ext.swift in Sources */ = {isa = PBXBuildFile; fileRef = F88437DAA0ECD38339B38828 /* UIStackView+ext.swift */; };
/* End PBXBuildFile section */

/* Begin PBXFileReference section */
		615B410A1DDC011C1495B0B1 /* CoreDataStack.swift */ = {isa = PBXFileReference; fileEncoding = 4; lastKnownFileType = sourcecode.swift; path = CoreDataStack.swift; sourceTree = "<group>"; };
		615B45B0788AEA163793F1FF /* Assets.xcassets */ = {isa = PBXFileReference; lastKnownFileType = folder.assetcatalog; path = Assets.xcassets; sourceTree = "<group>"; };
		615B46BB7C1627B5B09D1E64 /* MapViewController.swift */ = {isa = PBXFileReference; fileEncoding = 4; lastKnownFileType = sourcecode.swift; path = MapViewController.swift; sourceTree = "<group>"; };
		615B46C83EA1A10F742365BE /* Info.plist */ = {isa = PBXFileReference; fileEncoding = 4; lastKnownFileType = text.plist.info; path = Info.plist; sourceTree = "<group>"; };
		615B4702DA7257BE4EE431ED /* CitiesTableViewController.swift */ = {isa = PBXFileReference; fileEncoding = 4; lastKnownFileType = sourcecode.swift; path = CitiesTableViewController.swift; sourceTree = "<group>"; };
		615B4816C1196FB1E2C97BB4 /* Places.app */ = {isa = PBXFileReference; explicitFileType = wrapper.application; includeInIndex = 0; path = Places.app; sourceTree = BUILT_PRODUCTS_DIR; };
		615B482B3834A3A006C7592F /* Base */ = {isa = PBXFileReference; lastKnownFileType = file.storyboard; name = Base; path = Base.lproj/LaunchScreen.storyboard; sourceTree = "<group>"; };
		615B4B88947AD9F8876BA566 /* CityTableViewCell.swift */ = {isa = PBXFileReference; fileEncoding = 4; lastKnownFileType = sourcecode.swift; path = CityTableViewCell.swift; sourceTree = "<group>"; };
		615B4DCA0A8A8D8C8B59AC58 /* SceneDelegate.swift */ = {isa = PBXFileReference; fileEncoding = 4; lastKnownFileType = sourcecode.swift; path = SceneDelegate.swift; sourceTree = "<group>"; };
		615B4F69F6361070D4A49255 /* AppDelegate.swift */ = {isa = PBXFileReference; fileEncoding = 4; lastKnownFileType = sourcecode.swift; path = AppDelegate.swift; sourceTree = "<group>"; };
		C23A6734285DA861007822F5 /* MapKit.framework */ = {isa = PBXFileReference; lastKnownFileType = wrapper.framework; name = MapKit.framework; path = System/Library/Frameworks/MapKit.framework; sourceTree = SDKROOT; };
		C24A9F8D285D128F002A4425 /* Model.xcdatamodel */ = {isa = PBXFileReference; lastKnownFileType = wrapper.xcdatamodel; path = Model.xcdatamodel; sourceTree = "<group>"; };
		F88432CB712A420FD3CEF230 /* UIView+ext.swift */ = {isa = PBXFileReference; fileEncoding = 4; lastKnownFileType = sourcecode.swift; path = "UIView+ext.swift"; sourceTree = "<group>"; };
		F88432F4670005B7ACE2625D /* MasterViewController.swift */ = {isa = PBXFileReference; fileEncoding = 4; lastKnownFileType = sourcecode.swift; path = MasterViewController.swift; sourceTree = "<group>"; };
		F884334FC500485159AF6013 /* CityChangeButton.swift */ = {isa = PBXFileReference; fileEncoding = 4; lastKnownFileType = sourcecode.swift; path = CityChangeButton.swift; sourceTree = "<group>"; };
		F88437DAA0ECD38339B38828 /* UIStackView+ext.swift */ = {isa = PBXFileReference; fileEncoding = 4; lastKnownFileType = sourcecode.swift; path = "UIStackView+ext.swift"; sourceTree = "<group>"; };
		F88438C643194F8660E82B29 /* CitiesModel.swift */ = {isa = PBXFileReference; fileEncoding = 4; lastKnownFileType = sourcecode.swift; path = CitiesModel.swift; sourceTree = "<group>"; };
		F8843BB9D2815D2DC8034A6A /* PlacesProvider.swift */ = {isa = PBXFileReference; fileEncoding = 4; lastKnownFileType = sourcecode.swift; path = PlacesProvider.swift; sourceTree = "<group>"; };
		F8843DABA4D0F20B5F8F6130 /* UIViewController+ext.swift */ = {isa = PBXFileReference; fileEncoding = 4; lastKnownFileType = sourcecode.swift; path = "UIViewController+ext.swift"; sourceTree = "<group>"; };
		F8843E7C27635E62B0D2C8AE /* CitiesViewModel.swift */ = {isa = PBXFileReference; fileEncoding = 4; lastKnownFileType = sourcecode.swift; path = CitiesViewModel.swift; sourceTree = "<group>"; };
		F8843EA5D95DA44D35771EE3 /* Factory.swift */ = {isa = PBXFileReference; fileEncoding = 4; lastKnownFileType = sourcecode.swift; path = Factory.swift; sourceTree = "<group>"; };
/* End PBXFileReference section */

/* Begin PBXFrameworksBuildPhase section */
		615B4606A780A05C361D76CD /* Frameworks */ = {
			isa = PBXFrameworksBuildPhase;
			buildActionMask = 2147483647;
			files = (
				C23A6735285DA861007822F5 /* MapKit.framework in Frameworks */,
			);
			runOnlyForDeploymentPostprocessing = 0;
		};
/* End PBXFrameworksBuildPhase section */

/* Begin PBXGroup section */
		615B40364C96D806F109D440 /* CoreData */ = {
			isa = PBXGroup;
			children = (
				615B410A1DDC011C1495B0B1 /* CoreDataStack.swift */,
				F8843BB9D2815D2DC8034A6A /* PlacesProvider.swift */,
			);
			path = CoreData;
			sourceTree = "<group>";
		};
		615B404FF42FD5744C44F6B9 /* Products */ = {
			isa = PBXGroup;
			children = (
				615B4816C1196FB1E2C97BB4 /* Places.app */,
			);
			name = Products;
			sourceTree = "<group>";
		};
		615B40F9D2EA52479ABCF422 /* CityTableViewCell */ = {
			isa = PBXGroup;
			children = (
				615B4B88947AD9F8876BA566 /* CityTableViewCell.swift */,
			);
			path = CityTableViewCell;
			sourceTree = "<group>";
		};
		615B44F3DE013FB347033C1D /* Application */ = {
			isa = PBXGroup;
			children = (
				615B4DCA0A8A8D8C8B59AC58 /* SceneDelegate.swift */,
				615B4F69F6361070D4A49255 /* AppDelegate.swift */,
			);
			path = Application;
			sourceTree = "<group>";
		};
		615B451A7FFC2E22B78B36B1 /* Places */ = {
			isa = PBXGroup;
			children = (
				615B4AE9825AFF894E83FC2B /* Scenes */,
				615B4A823F8A7D049B7FD936 /* Supporting Files */,
				615B44F3DE013FB347033C1D /* Application */,
				615B48BAAEB7B9C7DD5CBD8F /* LaunchScreen.storyboard */,
				C24A9F8C285D128F002A4425 /* PlacesModel.xcdatamodeld */,
				F88437E17A6946A36653CE22 /* Extensions */,
				615B40364C96D806F109D440 /* CoreData */,
			);
			path = Places;
			sourceTree = "<group>";
		};
		615B45A9A3C5812A68BCE5FA = {
			isa = PBXGroup;
			children = (
				615B404FF42FD5744C44F6B9 /* Products */,
				615B451A7FFC2E22B78B36B1 /* Places */,
				C23A6733285DA861007822F5 /* Frameworks */,
			);
			sourceTree = "<group>";
		};
		615B46A9874A715354269774 /* MapView */ = {
			isa = PBXGroup;
			children = (
				615B46BB7C1627B5B09D1E64 /* MapViewController.swift */,
				F8843F6800CFD1ED931328D1 /* CityChangeButton */,
			);
			path = MapView;
			sourceTree = "<group>";
		};
		615B4A823F8A7D049B7FD936 /* Supporting Files */ = {
			isa = PBXGroup;
			children = (
				615B46C83EA1A10F742365BE /* Info.plist */,
				615B45B0788AEA163793F1FF /* Assets.xcassets */,
			);
			path = "Supporting Files";
			sourceTree = "<group>";
		};
		615B4AE9825AFF894E83FC2B /* Scenes */ = {
			isa = PBXGroup;
			children = (
				F8843012F4439A8CA369D9F9 /* Views */,
				F8843194E524A6F5755F21E6 /* Models */,
				F884378DBDAC41359CF0992D /* ViewModels */,
			);
			path = Scenes;
			sourceTree = "<group>";
		};
		615B4E1B4F62CBEC7BA9B52F /* TableView */ = {
			isa = PBXGroup;
			children = (
				615B4702DA7257BE4EE431ED /* CitiesTableViewController.swift */,
				615B40F9D2EA52479ABCF422 /* CityTableViewCell */,
			);
			path = TableView;
			sourceTree = "<group>";
		};
		C23A6733285DA861007822F5 /* Frameworks */ = {
			isa = PBXGroup;
			children = (
				C23A6734285DA861007822F5 /* MapKit.framework */,
			);
			name = Frameworks;
			sourceTree = "<group>";
		};
		F8843012F4439A8CA369D9F9 /* Views */ = {
			isa = PBXGroup;
			children = (
				F8843EA5D95DA44D35771EE3 /* Factory.swift */,
				F88432F4670005B7ACE2625D /* MasterViewController.swift */,
				615B46A9874A715354269774 /* MapView */,
				615B4E1B4F62CBEC7BA9B52F /* TableView */,
			);
			path = Views;
			sourceTree = "<group>";
		};
		F8843194E524A6F5755F21E6 /* Models */ = {
			isa = PBXGroup;
			children = (
				F88438C643194F8660E82B29 /* CitiesModel.swift */,
			);
			path = Models;
			sourceTree = "<group>";
		};
		F884378DBDAC41359CF0992D /* ViewModels */ = {
			isa = PBXGroup;
			children = (
				F8843E7C27635E62B0D2C8AE /* CitiesViewModel.swift */,
			);
			path = ViewModels;
			sourceTree = "<group>";
		};
		F88437E17A6946A36653CE22 /* Extensions */ = {
			isa = PBXGroup;
			children = (
				F88432CB712A420FD3CEF230 /* UIView+ext.swift */,
				F88437DAA0ECD38339B38828 /* UIStackView+ext.swift */,
				F8843DABA4D0F20B5F8F6130 /* UIViewController+ext.swift */,
			);
			path = Extensions;
			sourceTree = "<group>";
		};
		F8843F6800CFD1ED931328D1 /* CityChangeButton */ = {
			isa = PBXGroup;
			children = (
				F884334FC500485159AF6013 /* CityChangeButton.swift */,
			);
			path = CityChangeButton;
			sourceTree = "<group>";
		};
/* End PBXGroup section */

/* Begin PBXNativeTarget section */
		615B4F89A15DB8FA06B0C465 /* Places */ = {
			isa = PBXNativeTarget;
			buildConfigurationList = 615B4E3F7CBECA87FA602781 /* Build configuration list for PBXNativeTarget "Places" */;
			buildPhases = (
				615B4A5936CABBF2688708B7 /* Sources */,
				615B4606A780A05C361D76CD /* Frameworks */,
				615B4A1FBEA3CF6CCB304338 /* Resources */,
			);
			buildRules = (
			);
			dependencies = (
			);
			name = Places;
			productName = Places;
			productReference = 615B4816C1196FB1E2C97BB4 /* Places.app */;
			productType = "com.apple.product-type.application";
		};
/* End PBXNativeTarget section */

/* Begin PBXProject section */
		615B40B4F29681D4A8A6C49F /* Project object */ = {
			isa = PBXProject;
			attributes = {
			};
			buildConfigurationList = 615B4F75A5B8454209B1EAD5 /* Build configuration list for PBXProject "Places" */;
			compatibilityVersion = "Xcode 3.2";
			developmentRegion = English;
			hasScannedForEncodings = 0;
			knownRegions = (
				English,
				en,
				Base,
			);
			mainGroup = 615B45A9A3C5812A68BCE5FA;
			productRefGroup = 615B404FF42FD5744C44F6B9 /* Products */;
			projectDirPath = "";
			projectRoot = "";
			targets = (
				615B4F89A15DB8FA06B0C465 /* Places */,
			);
		};
/* End PBXProject section */

/* Begin PBXResourcesBuildPhase section */
		615B4A1FBEA3CF6CCB304338 /* Resources */ = {
			isa = PBXResourcesBuildPhase;
			buildActionMask = 2147483647;
			files = (
				615B4356C38E4AD00AD0EF93 /* LaunchScreen.storyboard in Resources */,
				615B450556AF4BF2B4FEBE12 /* Assets.xcassets in Resources */,
			);
			runOnlyForDeploymentPostprocessing = 0;
		};
/* End PBXResourcesBuildPhase section */

/* Begin PBXSourcesBuildPhase section */
		615B4A5936CABBF2688708B7 /* Sources */ = {
			isa = PBXSourcesBuildPhase;
			buildActionMask = 2147483647;
			files = (
				615B4F17D2BCDA8A29EBD4E7 /* SceneDelegate.swift in Sources */,
				615B4AF3BB801BA37D7225DB /* AppDelegate.swift in Sources */,
				C24A9F8E285D128F002A4425 /* PlacesModel.xcdatamodeld in Sources */,
				F8843470C321C4916557F492 /* UIView+ext.swift in Sources */,
				F88438A806A006637F6470BB /* CitiesModel.swift in Sources */,
				F8843D62FB2A7DB9C993915A /* CitiesViewModel.swift in Sources */,
				F8843EA3FED16B86C52545CF /* Factory.swift in Sources */,
				F8843FD9675D208E589A02F6 /* UIStackView+ext.swift in Sources */,
				F8843D0C8A1D012FE64C6C2A /* MasterViewController.swift in Sources */,
				F8843175C8F63E5329EF20A7 /* UIViewController+ext.swift in Sources */,
				615B480A4AD045E00F9D5D9D /* CitiesTableViewController.swift in Sources */,
				615B40DAC9BEF6CD50BA1F14 /* CityTableViewCell.swift in Sources */,
				615B45E1811BE7575903861D /* MapViewController.swift in Sources */,
				615B4E757566C8E452CEBCCD /* CoreDataStack.swift in Sources */,
				F8843B0576C449FE111FAB2C /* PlacesProvider.swift in Sources */,
				F8843906ED2B53D7E60BD3E8 /* CityChangeButton.swift in Sources */,
			);
			runOnlyForDeploymentPostprocessing = 0;
		};
/* End PBXSourcesBuildPhase section */

/* Begin PBXVariantGroup section */
		615B48BAAEB7B9C7DD5CBD8F /* LaunchScreen.storyboard */ = {
			isa = PBXVariantGroup;
			children = (
				615B482B3834A3A006C7592F /* Base */,
			);
			name = LaunchScreen.storyboard;
			sourceTree = "<group>";
		};
/* End PBXVariantGroup section */

/* Begin XCBuildConfiguration section */
		615B42486154B74F75921708 /* Debug */ = {
			isa = XCBuildConfiguration;
			buildSettings = {
				ALWAYS_SEARCH_USER_PATHS = NO;
				CLANG_ANALYZER_NONNULL = YES;
				CLANG_ANALYZER_NUMBER_OBJECT_CONVERSION = YES_AGGRESSIVE;
				CLANG_CXX_LANGUAGE_STANDARD = "gnu++17";
				CLANG_ENABLE_MODULES = YES;
				CLANG_ENABLE_OBJC_ARC = YES;
				CLANG_ENABLE_OBJC_WEAK = YES;
				CLANG_WARN_BLOCK_CAPTURE_AUTORELEASING = YES;
				CLANG_WARN_BOOL_CONVERSION = YES;
				CLANG_WARN_COMMA = YES;
				CLANG_WARN_CONSTANT_CONVERSION = YES;
				CLANG_WARN_DEPRECATED_OBJC_IMPLEMENTATIONS = YES;
				CLANG_WARN_DIRECT_OBJC_ISA_USAGE = YES_ERROR;
				CLANG_WARN_DOCUMENTATION_COMMENTS = YES;
				CLANG_WARN_EMPTY_BODY = YES;
				CLANG_WARN_ENUM_CONVERSION = YES;
				CLANG_WARN_INFINITE_RECURSION = YES;
				CLANG_WARN_INT_CONVERSION = YES;
				CLANG_WARN_NON_LITERAL_NULL_CONVERSION = YES;
				CLANG_WARN_OBJC_IMPLICIT_RETAIN_SELF = YES;
				CLANG_WARN_OBJC_LITERAL_CONVERSION = YES;
				CLANG_WARN_OBJC_ROOT_CLASS = YES_ERROR;
				CLANG_WARN_QUOTED_INCLUDE_IN_FRAMEWORK_HEADER = YES;
				CLANG_WARN_RANGE_LOOP_ANALYSIS = YES;
				CLANG_WARN_STRICT_PROTOTYPES = YES;
				CLANG_WARN_SUSPICIOUS_MOVE = YES;
				CLANG_WARN_UNGUARDED_AVAILABILITY = YES_AGGRESSIVE;
				CLANG_WARN_UNREACHABLE_CODE = YES;
				CLANG_WARN__DUPLICATE_METHOD_MATCH = YES;
				COPY_PHASE_STRIP = NO;
				DEBUG_INFORMATION_FORMAT = dwarf;
				ENABLE_STRICT_OBJC_MSGSEND = YES;
				ENABLE_TESTABILITY = YES;
				GCC_C_LANGUAGE_STANDARD = gnu11;
				GCC_DYNAMIC_NO_PIC = NO;
				GCC_NO_COMMON_BLOCKS = YES;
				GCC_OPTIMIZATION_LEVEL = 0;
				GCC_PREPROCESSOR_DEFINITIONS = (
					"DEBUG=1",
					"$(inherited)",
				);
				GCC_WARN_64_TO_32_BIT_CONVERSION = YES;
				GCC_WARN_ABOUT_RETURN_TYPE = YES_ERROR;
				GCC_WARN_UNDECLARED_SELECTOR = YES;
				GCC_WARN_UNINITIALIZED_AUTOS = YES_AGGRESSIVE;
				GCC_WARN_UNUSED_FUNCTION = YES;
				GCC_WARN_UNUSED_VARIABLE = YES;
				IPHONEOS_DEPLOYMENT_TARGET = 15.4;
				MTL_ENABLE_DEBUG_INFO = INCLUDE_SOURCE;
				MTL_FAST_MATH = YES;
				ONLY_ACTIVE_ARCH = YES;
				SDKROOT = iphoneos;
				SWIFT_ACTIVE_COMPILATION_CONDITIONS = DEBUG;
				SWIFT_OPTIMIZATION_LEVEL = "-Onone";
			};
			name = Debug;
		};
		615B458813B941B525C5643D /* Release */ = {
			isa = XCBuildConfiguration;
			buildSettings = {
				ASSETCATALOG_COMPILER_APPICON_NAME = AppIcon;
				ASSETCATALOG_COMPILER_GLOBAL_ACCENT_COLOR_NAME = AccentColor;
				CURRENT_PROJECT_VERSION = 1;
				GENERATE_INFOPLIST_FILE = YES;
				INFOPLIST_FILE = "Places/Supporting Files/Info.plist";
				INFOPLIST_KEY_NSLocationWhenInUseUsageDescription = "Allow to see current location";
				INFOPLIST_KEY_UIApplicationSupportsIndirectInputEvents = YES;
				INFOPLIST_KEY_UILaunchStoryboardName = LaunchScreen;
				INFOPLIST_KEY_UISupportedInterfaceOrientations_iPad = "UIInterfaceOrientationPortrait UIInterfaceOrientationPortraitUpsideDown UIInterfaceOrientationLandscapeLeft UIInterfaceOrientationLandscapeRight";
				INFOPLIST_KEY_UISupportedInterfaceOrientations_iPhone = "UIInterfaceOrientationPortrait UIInterfaceOrientationLandscapeLeft UIInterfaceOrientationLandscapeRight";
				LD_RUNPATH_SEARCH_PATHS = "$(inherited) @executable_path/Frameworks";
				MARKETING_VERSION = 1.0;
				PRODUCT_BUNDLE_IDENTIFIER = Zlmnv.Places;
				PRODUCT_NAME = "$(TARGET_NAME)";
				SWIFT_EMIT_LOC_STRINGS = YES;
				SWIFT_VERSION = 5.0;
				TARGETED_DEVICE_FAMILY = 1;
			};
			name = Release;
		};
		615B4EB9F32C18A100E5E5F1 /* Debug */ = {
			isa = XCBuildConfiguration;
			buildSettings = {
				ASSETCATALOG_COMPILER_APPICON_NAME = AppIcon;
				ASSETCATALOG_COMPILER_GLOBAL_ACCENT_COLOR_NAME = AccentColor;
				CURRENT_PROJECT_VERSION = 1;
				GENERATE_INFOPLIST_FILE = YES;
				INFOPLIST_FILE = "Places/Supporting Files/Info.plist";
				INFOPLIST_KEY_NSLocationWhenInUseUsageDescription = "Allow to see current location";
				INFOPLIST_KEY_UIApplicationSupportsIndirectInputEvents = YES;
				INFOPLIST_KEY_UILaunchStoryboardName = LaunchScreen;
				INFOPLIST_KEY_UISupportedInterfaceOrientations_iPad = "UIInterfaceOrientationPortrait UIInterfaceOrientationPortraitUpsideDown UIInterfaceOrientationLandscapeLeft UIInterfaceOrientationLandscapeRight";
				INFOPLIST_KEY_UISupportedInterfaceOrientations_iPhone = "UIInterfaceOrientationPortrait UIInterfaceOrientationLandscapeLeft UIInterfaceOrientationLandscapeRight";
				LD_RUNPATH_SEARCH_PATHS = "$(inherited) @executable_path/Frameworks";
				MARKETING_VERSION = 1.0;
				PRODUCT_BUNDLE_IDENTIFIER = Zlmnv.Places;
				PRODUCT_NAME = "$(TARGET_NAME)";
				SWIFT_EMIT_LOC_STRINGS = YES;
				SWIFT_VERSION = 5.0;
				TARGETED_DEVICE_FAMILY = 1;
			};
			name = Debug;
		};
		615B4F570B1F30ABB46BC743 /* Release */ = {
			isa = XCBuildConfiguration;
			buildSettings = {
				ALWAYS_SEARCH_USER_PATHS = NO;
				CLANG_ANALYZER_NONNULL = YES;
				CLANG_ANALYZER_NUMBER_OBJECT_CONVERSION = YES_AGGRESSIVE;
				CLANG_CXX_LANGUAGE_STANDARD = "gnu++17";
				CLANG_ENABLE_MODULES = YES;
				CLANG_ENABLE_OBJC_ARC = YES;
				CLANG_ENABLE_OBJC_WEAK = YES;
				CLANG_WARN_BLOCK_CAPTURE_AUTORELEASING = YES;
				CLANG_WARN_BOOL_CONVERSION = YES;
				CLANG_WARN_COMMA = YES;
				CLANG_WARN_CONSTANT_CONVERSION = YES;
				CLANG_WARN_DEPRECATED_OBJC_IMPLEMENTATIONS = YES;
				CLANG_WARN_DIRECT_OBJC_ISA_USAGE = YES_ERROR;
				CLANG_WARN_DOCUMENTATION_COMMENTS = YES;
				CLANG_WARN_EMPTY_BODY = YES;
				CLANG_WARN_ENUM_CONVERSION = YES;
				CLANG_WARN_INFINITE_RECURSION = YES;
				CLANG_WARN_INT_CONVERSION = YES;
				CLANG_WARN_NON_LITERAL_NULL_CONVERSION = YES;
				CLANG_WARN_OBJC_IMPLICIT_RETAIN_SELF = YES;
				CLANG_WARN_OBJC_LITERAL_CONVERSION = YES;
				CLANG_WARN_OBJC_ROOT_CLASS = YES_ERROR;
				CLANG_WARN_QUOTED_INCLUDE_IN_FRAMEWORK_HEADER = YES;
				CLANG_WARN_RANGE_LOOP_ANALYSIS = YES;
				CLANG_WARN_STRICT_PROTOTYPES = YES;
				CLANG_WARN_SUSPICIOUS_MOVE = YES;
				CLANG_WARN_UNGUARDED_AVAILABILITY = YES_AGGRESSIVE;
				CLANG_WARN_UNREACHABLE_CODE = YES;
				CLANG_WARN__DUPLICATE_METHOD_MATCH = YES;
				COPY_PHASE_STRIP = NO;
				DEBUG_INFORMATION_FORMAT = "dwarf-with-dsym";
				ENABLE_NS_ASSERTIONS = NO;
				ENABLE_STRICT_OBJC_MSGSEND = YES;
				GCC_C_LANGUAGE_STANDARD = gnu11;
				GCC_NO_COMMON_BLOCKS = YES;
				GCC_WARN_64_TO_32_BIT_CONVERSION = YES;
				GCC_WARN_ABOUT_RETURN_TYPE = YES_ERROR;
				GCC_WARN_UNDECLARED_SELECTOR = YES;
				GCC_WARN_UNINITIALIZED_AUTOS = YES_AGGRESSIVE;
				GCC_WARN_UNUSED_FUNCTION = YES;
				GCC_WARN_UNUSED_VARIABLE = YES;
				IPHONEOS_DEPLOYMENT_TARGET = 15.4;
				MTL_ENABLE_DEBUG_INFO = NO;
				MTL_FAST_MATH = YES;
				SDKROOT = iphoneos;
				SWIFT_OPTIMIZATION_LEVEL = "-Owholemodule";
				VALIDATE_PRODUCT = YES;
			};
			name = Release;
		};
/* End XCBuildConfiguration section */

/* Begin XCConfigurationList section */
		615B4E3F7CBECA87FA602781 /* Build configuration list for PBXNativeTarget "Places" */ = {
			isa = XCConfigurationList;
			buildConfigurations = (
				615B4EB9F32C18A100E5E5F1 /* Debug */,
				615B458813B941B525C5643D /* Release */,
			);
			defaultConfigurationIsVisible = 0;
			defaultConfigurationName = Release;
		};
		615B4F75A5B8454209B1EAD5 /* Build configuration list for PBXProject "Places" */ = {
			isa = XCConfigurationList;
			buildConfigurations = (
				615B42486154B74F75921708 /* Debug */,
				615B4F570B1F30ABB46BC743 /* Release */,
			);
			defaultConfigurationIsVisible = 0;
			defaultConfigurationName = Release;
		};
/* End XCConfigurationList section */

/* Begin XCVersionGroup section */
		C24A9F8C285D128F002A4425 /* PlacesModel.xcdatamodeld */ = {
			isa = XCVersionGroup;
			children = (
				C24A9F8D285D128F002A4425 /* Model.xcdatamodel */,
			);
			currentVersion = C24A9F8D285D128F002A4425 /* Model.xcdatamodel */;
			path = PlacesModel.xcdatamodeld;
			sourceTree = "<group>";
			versionGroupType = wrapper.xcdatamodel;
		};
/* End XCVersionGroup section */
	};
	rootObject = 615B40B4F29681D4A8A6C49F /* Project object */;
}
